
Microsoft Visual Studio Solution File, Format Version 12.00
# Visual Studio 15
VisualStudioVersion = 15.0.28307.1231
MinimumVisualStudioVersion = 10.0.40219.1
Project("{8BC9CEB8-8B4A-11D0-8D11-00A0C91BC942}") = "Question4", "Question4\Question4.vcxproj", "{E450834B-8F99-461B-8E03-69DE3F3DDB39}"
EndProject
Global
	GlobalSection(SolutionConfigurationPlatforms) = preSolution
		Debug|x64 = Debug|x64
		Debug|x86 = Debug|x86
		Release|x64 = Release|x64
		Release|x86 = Release|x86
	EndGlobalSection
	GlobalSection(ProjectConfigurationPlatforms) = postSolution
		{E450834B-8F99-461B-8E03-69DE3F3DDB39}.Debug|x64.ActiveCfg = Debug|x64
		{E450834B-8F99-461B-8E03-69DE3F3DDB39}.Debug|x64.Build.0 = Debug|x64
		{E450834B-8F99-461B-8E03-69DE3F3DDB39}.Debug|x86.ActiveCfg = Debug|Win32
		{E450834B-8F99-461B-8E03-69DE3F3DDB39}.Debug|x86.Build.0 = Debug|Win32
		{E450834B-8F99-461B-8E03-69DE3F3DDB39}.Release|x64.ActiveCfg = Release|x64
		{E450834B-8F99-461B-8E03-69DE3F3DDB39}.Release|x64.Build.0 = Release|x64
		{E450834B-8F99-461B-8E03-69DE3F3DDB39}.Release|x86.ActiveCfg = Release|Win32
		{E450834B-8F99-461B-8E03-69DE3F3DDB39}.Release|x86.Build.0 = Release|Win32
	EndGlobalSection
	GlobalSection(SolutionProperties) = preSolution
		HideSolutionNode = FALSE
	EndGlobalSection
	GlobalSection(ExtensibilityGlobals) = postSolution
		SolutionGuid = {96C9DAC9-75B4-4422-B2BE-BFFA9D5D78D9}
	EndGlobalSection
EndGlobal
